// !$*UTF8*$!
{
	archiveVersion = 1;
	classes = {
	};
	objectVersion = 46;
	objects = {

/* Begin PBXBuildFile section */
		4E2813CF1DB1796E0037DE59 /* AppDelegate.swift in Sources */ = {isa = PBXBuildFile; fileRef = 4E2813CE1DB1796E0037DE59 /* AppDelegate.swift */; };
		4E2813D11DB1796E0037DE59 /* ViewController.swift in Sources */ = {isa = PBXBuildFile; fileRef = 4E2813D01DB1796E0037DE59 /* ViewController.swift */; };
		4E2813D41DB1796E0037DE59 /* Main.storyboard in Resources */ = {isa = PBXBuildFile; fileRef = 4E2813D21DB1796E0037DE59 /* Main.storyboard */; };
		4E2813D71DB1796E0037DE59 /* W07_Srivalli_Kanchibotla.xcdatamodeld in Sources */ = {isa = PBXBuildFile; fileRef = 4E2813D51DB1796E0037DE59 /* W07_Srivalli_Kanchibotla.xcdatamodeld */; };
		4E2813D91DB1796E0037DE59 /* Assets.xcassets in Resources */ = {isa = PBXBuildFile; fileRef = 4E2813D81DB1796E0037DE59 /* Assets.xcassets */; };
		4E2813DC1DB1796E0037DE59 /* LaunchScreen.storyboard in Resources */ = {isa = PBXBuildFile; fileRef = 4E2813DA1DB1796E0037DE59 /* LaunchScreen.storyboard */; };
		4E2813E71DB1796E0037DE59 /* W07_Srivalli_KanchibotlaTests.swift in Sources */ = {isa = PBXBuildFile; fileRef = 4E2813E61DB1796E0037DE59 /* W07_Srivalli_KanchibotlaTests.swift */; };
		4E2813F21DB1796E0037DE59 /* W07_Srivalli_KanchibotlaUITests.swift in Sources */ = {isa = PBXBuildFile; fileRef = 4E2813F11DB1796E0037DE59 /* W07_Srivalli_KanchibotlaUITests.swift */; };
/* End PBXBuildFile section */

/* Begin PBXContainerItemProxy section */
		4E2813E31DB1796E0037DE59 /* PBXContainerItemProxy */ = {
			isa = PBXContainerItemProxy;
			containerPortal = 4E2813C31DB1796E0037DE59 /* Project object */;
			proxyType = 1;
			remoteGlobalIDString = 4E2813CA1DB1796E0037DE59;
			remoteInfo = W07_Srivalli_Kanchibotla;
		};
		4E2813EE1DB1796E0037DE59 /* PBXContainerItemProxy */ = {
			isa = PBXContainerItemProxy;
			containerPortal = 4E2813C31DB1796E0037DE59 /* Project object */;
			proxyType = 1;
			remoteGlobalIDString = 4E2813CA1DB1796E0037DE59;
			remoteInfo = W07_Srivalli_Kanchibotla;
		};
/* End PBXContainerItemProxy section */

/* Begin PBXFileReference section */
		4E2813CB1DB1796E0037DE59 /* W07_Srivalli_Kanchibotla.app */ = {isa = PBXFileReference; explicitFileType = wrapper.application; includeInIndex = 0; path = W07_Srivalli_Kanchibotla.app; sourceTree = BUILT_PRODUCTS_DIR; };
		4E2813CE1DB1796E0037DE59 /* AppDelegate.swift */ = {isa = PBXFileReference; lastKnownFileType = sourcecode.swift; path = AppDelegate.swift; sourceTree = "<group>"; };
		4E2813D01DB1796E0037DE59 /* ViewController.swift */ = {isa = PBXFileReference; lastKnownFileType = sourcecode.swift; path = ViewController.swift; sourceTree = "<group>"; };
		4E2813D31DB1796E0037DE59 /* Base */ = {isa = PBXFileReference; lastKnownFileType = file.storyboard; name = Base; path = Base.lproj/Main.storyboard; sourceTree = "<group>"; };
		4E2813D61DB1796E0037DE59 /* W07_Srivalli_Kanchibotla.xcdatamodel */ = {isa = PBXFileReference; lastKnownFileType = wrapper.xcdatamodel; path = W07_Srivalli_Kanchibotla.xcdatamodel; sourceTree = "<group>"; };
		4E2813D81DB1796E0037DE59 /* Assets.xcassets */ = {isa = PBXFileReference; lastKnownFileType = folder.assetcatalog; path = Assets.xcassets; sourceTree = "<group>"; };
		4E2813DB1DB1796E0037DE59 /* Base */ = {isa = PBXFileReference; lastKnownFileType = file.storyboard; name = Base; path = Base.lproj/LaunchScreen.storyboard; sourceTree = "<group>"; };
		4E2813DD1DB1796E0037DE59 /* Info.plist */ = {isa = PBXFileReference; lastKnownFileType = text.plist.xml; path = Info.plist; sourceTree = "<group>"; };
		4E2813E21DB1796E0037DE59 /* W07_Srivalli_KanchibotlaTests.xctest */ = {isa = PBXFileReference; explicitFileType = wrapper.cfbundle; includeInIndex = 0; path = W07_Srivalli_KanchibotlaTests.xctest; sourceTree = BUILT_PRODUCTS_DIR; };
		4E2813E61DB1796E0037DE59 /* W07_Srivalli_KanchibotlaTests.swift */ = {isa = PBXFileReference; lastKnownFileType = sourcecode.swift; path = W07_Srivalli_KanchibotlaTests.swift; sourceTree = "<group>"; };
		4E2813E81DB1796E0037DE59 /* Info.plist */ = {isa = PBXFileReference; lastKnownFileType = text.plist.xml; path = Info.plist; sourceTree = "<group>"; };
		4E2813ED1DB1796E0037DE59 /* W07_Srivalli_KanchibotlaUITests.xctest */ = {isa = PBXFileReference; explicitFileType = wrapper.cfbundle; includeInIndex = 0; path = W07_Srivalli_KanchibotlaUITests.xctest; sourceTree = BUILT_PRODUCTS_DIR; };
		4E2813F11DB1796E0037DE59 /* W07_Srivalli_KanchibotlaUITests.swift */ = {isa = PBXFileReference; lastKnownFileType = sourcecode.swift; path = W07_Srivalli_KanchibotlaUITests.swift; sourceTree = "<group>"; };
		4E2813F31DB1796E0037DE59 /* Info.plist */ = {isa = PBXFileReference; lastKnownFileType = text.plist.xml; path = Info.plist; sourceTree = "<group>"; };
/* End PBXFileReference section */

/* Begin PBXFrameworksBuildPhase section */
		4E2813C81DB1796E0037DE59 /* Frameworks */ = {
			isa = PBXFrameworksBuildPhase;
			buildActionMask = 2147483647;
			files = (
			);
			runOnlyForDeploymentPostprocessing = 0;
		};
		4E2813DF1DB1796E0037DE59 /* Frameworks */ = {
			isa = PBXFrameworksBuildPhase;
			buildActionMask = 2147483647;
			files = (
			);
			runOnlyForDeploymentPostprocessing = 0;
		};
		4E2813EA1DB1796E0037DE59 /* Frameworks */ = {
			isa = PBXFrameworksBuildPhase;
			buildActionMask = 2147483647;
			files = (
			);
			runOnlyForDeploymentPostprocessing = 0;
		};
/* End PBXFrameworksBuildPhase section */

/* Begin PBXGroup section */
		4E2813C21DB1796E0037DE59 = {
			isa = PBXGroup;
			children = (
				4E2813CD1DB1796E0037DE59 /* W07_Srivalli_Kanchibotla */,
				4E2813E51DB1796E0037DE59 /* W07_Srivalli_KanchibotlaTests */,
				4E2813F01DB1796E0037DE59 /* W07_Srivalli_KanchibotlaUITests */,
				4E2813CC1DB1796E0037DE59 /* Products */,
			);
			sourceTree = "<group>";
		};
		4E2813CC1DB1796E0037DE59 /* Products */ = {
			isa = PBXGroup;
			children = (
				4E2813CB1DB1796E0037DE59 /* W07_Srivalli_Kanchibotla.app */,
				4E2813E21DB1796E0037DE59 /* W07_Srivalli_KanchibotlaTests.xctest */,
				4E2813ED1DB1796E0037DE59 /* W07_Srivalli_KanchibotlaUITests.xctest */,
			);
			name = Products;
			sourceTree = "<group>";
		};
		4E2813CD1DB1796E0037DE59 /* W07_Srivalli_Kanchibotla */ = {
			isa = PBXGroup;
			children = (
				4E2813CE1DB1796E0037DE59 /* AppDelegate.swift */,
				4E2813D01DB1796E0037DE59 /* ViewController.swift */,
				4E2813D21DB1796E0037DE59 /* Main.storyboard */,
				4E2813D81DB1796E0037DE59 /* Assets.xcassets */,
				4E2813DA1DB1796E0037DE59 /* LaunchScreen.storyboard */,
				4E2813DD1DB1796E0037DE59 /* Info.plist */,
				4E2813D51DB1796E0037DE59 /* W07_Srivalli_Kanchibotla.xcdatamodeld */,
			);
			path = W07_Srivalli_Kanchibotla;
			sourceTree = "<group>";
		};
		4E2813E51DB1796E0037DE59 /* W07_Srivalli_KanchibotlaTests */ = {
			isa = PBXGroup;
			children = (
				4E2813E61DB1796E0037DE59 /* W07_Srivalli_KanchibotlaTests.swift */,
				4E2813E81DB1796E0037DE59 /* Info.plist */,
			);
			path = W07_Srivalli_KanchibotlaTests;
			sourceTree = "<group>";
		};
		4E2813F01DB1796E0037DE59 /* W07_Srivalli_KanchibotlaUITests */ = {
			isa = PBXGroup;
			children = (
				4E2813F11DB1796E0037DE59 /* W07_Srivalli_KanchibotlaUITests.swift */,
				4E2813F31DB1796E0037DE59 /* Info.plist */,
			);
			path = W07_Srivalli_KanchibotlaUITests;
			sourceTree = "<group>";
		};
/* End PBXGroup section */

/* Begin PBXNativeTarget section */
		4E2813CA1DB1796E0037DE59 /* W07_Srivalli_Kanchibotla */ = {
			isa = PBXNativeTarget;
			buildConfigurationList = 4E2813F61DB1796E0037DE59 /* Build configuration list for PBXNativeTarget "W07_Srivalli_Kanchibotla" */;
			buildPhases = (
				4E2813C71DB1796E0037DE59 /* Sources */,
				4E2813C81DB1796E0037DE59 /* Frameworks */,
				4E2813C91DB1796E0037DE59 /* Resources */,
			);
			buildRules = (
			);
			dependencies = (
			);
			name = W07_Srivalli_Kanchibotla;
			productName = W07_Srivalli_Kanchibotla;
			productReference = 4E2813CB1DB1796E0037DE59 /* W07_Srivalli_Kanchibotla.app */;
			productType = "com.apple.product-type.application";
		};
		4E2813E11DB1796E0037DE59 /* W07_Srivalli_KanchibotlaTests */ = {
			isa = PBXNativeTarget;
			buildConfigurationList = 4E2813F91DB1796E0037DE59 /* Build configuration list for PBXNativeTarget "W07_Srivalli_KanchibotlaTests" */;
			buildPhases = (
				4E2813DE1DB1796E0037DE59 /* Sources */,
				4E2813DF1DB1796E0037DE59 /* Frameworks */,
				4E2813E01DB1796E0037DE59 /* Resources */,
			);
			buildRules = (
			);
			dependencies = (
				4E2813E41DB1796E0037DE59 /* PBXTargetDependency */,
			);
			name = W07_Srivalli_KanchibotlaTests;
			productName = W07_Srivalli_KanchibotlaTests;
			productReference = 4E2813E21DB1796E0037DE59 /* W07_Srivalli_KanchibotlaTests.xctest */;
			productType = "com.apple.product-type.bundle.unit-test";
		};
		4E2813EC1DB1796E0037DE59 /* W07_Srivalli_KanchibotlaUITests */ = {
			isa = PBXNativeTarget;
			buildConfigurationList = 4E2813FC1DB1796E0037DE59 /* Build configuration list for PBXNativeTarget "W07_Srivalli_KanchibotlaUITests" */;
			buildPhases = (
				4E2813E91DB1796E0037DE59 /* Sources */,
				4E2813EA1DB1796E0037DE59 /* Frameworks */,
				4E2813EB1DB1796E0037DE59 /* Resources */,
			);
			buildRules = (
			);
			dependencies = (
				4E2813EF1DB1796E0037DE59 /* PBXTargetDependency */,
			);
			name = W07_Srivalli_KanchibotlaUITests;
			productName = W07_Srivalli_KanchibotlaUITests;
			productReference = 4E2813ED1DB1796E0037DE59 /* W07_Srivalli_KanchibotlaUITests.xctest */;
			productType = "com.apple.product-type.bundle.ui-testing";
		};
/* End PBXNativeTarget section */

/* Begin PBXProject section */
		4E2813C31DB1796E0037DE59 /* Project object */ = {
			isa = PBXProject;
			attributes = {
				LastSwiftUpdateCheck = 0800;
				LastUpgradeCheck = 0800;
				ORGANIZATIONNAME = "KANCHIBOTLA SRIVALLI ";
				TargetAttributes = {
					4E2813CA1DB1796E0037DE59 = {
						CreatedOnToolsVersion = 8.0;
						ProvisioningStyle = Automatic;
					};
					4E2813E11DB1796E0037DE59 = {
						CreatedOnToolsVersion = 8.0;
						ProvisioningStyle = Automatic;
						TestTargetID = 4E2813CA1DB1796E0037DE59;
					};
					4E2813EC1DB1796E0037DE59 = {
						CreatedOnToolsVersion = 8.0;
						ProvisioningStyle = Automatic;
						TestTargetID = 4E2813CA1DB1796E0037DE59;
					};
				};
			};
			buildConfigurationList = 4E2813C61DB1796E0037DE59 /* Build configuration list for PBXProject "W07_Srivalli_Kanchibotla" */;
			compatibilityVersion = "Xcode 3.2";
			developmentRegion = English;
			hasScannedForEncodings = 0;
			knownRegions = (
				en,
				Base,
			);
			mainGroup = 4E2813C21DB1796E0037DE59;
			productRefGroup = 4E2813CC1DB1796E0037DE59 /* Products */;
			projectDirPath = "";
			projectRoot = "";
			targets = (
				4E2813CA1DB1796E0037DE59 /* W07_Srivalli_Kanchibotla */,
				4E2813E11DB1796E0037DE59 /* W07_Srivalli_KanchibotlaTests */,
				4E2813EC1DB1796E0037DE59 /* W07_Srivalli_KanchibotlaUITests */,
			);
		};
/* End PBXProject section */

/* Begin PBXResourcesBuildPhase section */
		4E2813C91DB1796E0037DE59 /* Resources */ = {
			isa = PBXResourcesBuildPhase;
			buildActionMask = 2147483647;
			files = (
				4E2813DC1DB1796E0037DE59 /* LaunchScreen.storyboard in Resources */,
				4E2813D91DB1796E0037DE59 /* Assets.xcassets in Resources */,
				4E2813D41DB1796E0037DE59 /* Main.storyboard in Resources */,
			);
			runOnlyForDeploymentPostprocessing = 0;
		};
		4E2813E01DB1796E0037DE59 /* Resources */ = {
			isa = PBXResourcesBuildPhase;
			buildActionMask = 2147483647;
			files = (
			);
			runOnlyForDeploymentPostprocessing = 0;
		};
		4E2813EB1DB1796E0037DE59 /* Resources */ = {
			isa = PBXResourcesBuildPhase;
			buildActionMask = 2147483647;
			files = (
			);
			runOnlyForDeploymentPostprocessing = 0;
		};
/* End PBXResourcesBuildPhase section */

/* Begin PBXSourcesBuildPhase section */
		4E2813C71DB1796E0037DE59 /* Sources */ = {
			isa = PBXSourcesBuildPhase;
			buildActionMask = 2147483647;
			files = (
				4E2813D11DB1796E0037DE59 /* ViewController.swift in Sources */,
				4E2813CF1DB1796E0037DE59 /* AppDelegate.swift in Sources */,
				4E2813D71DB1796E0037DE59 /* W07_Srivalli_Kanchibotla.xcdatamodeld in Sources */,
			);
			runOnlyForDeploymentPostprocessing = 0;
		};
		4E2813DE1DB1796E0037DE59 /* Sources */ = {
			isa = PBXSourcesBuildPhase;
			buildActionMask = 2147483647;
			files = (
				4E2813E71DB1796E0037DE59 /* W07_Srivalli_KanchibotlaTests.swift in Sources */,
			);
			runOnlyForDeploymentPostprocessing = 0;
		};
		4E2813E91DB1796E0037DE59 /* Sources */ = {
			isa = PBXSourcesBuildPhase;
			buildActionMask = 2147483647;
			files = (
				4E2813F21DB1796E0037DE59 /* W07_Srivalli_KanchibotlaUITests.swift in Sources */,
			);
			runOnlyForDeploymentPostprocessing = 0;
		};
/* End PBXSourcesBuildPhase section */

/* Begin PBXTargetDependency section */
		4E2813E41DB1796E0037DE59 /* PBXTargetDependency */ = {
			isa = PBXTargetDependency;
			target = 4E2813CA1DB1796E0037DE59 /* W07_Srivalli_Kanchibotla */;
			targetProxy = 4E2813E31DB1796E0037DE59 /* PBXContainerItemProxy */;
		};
		4E2813EF1DB1796E0037DE59 /* PBXTargetDependency */ = {
			isa = PBXTargetDependency;
			target = 4E2813CA1DB1796E0037DE59 /* W07_Srivalli_Kanchibotla */;
			targetProxy = 4E2813EE1DB1796E0037DE59 /* PBXContainerItemProxy */;
		};
/* End PBXTargetDependency section */

/* Begin PBXVariantGroup section */
		4E2813D21DB1796E0037DE59 /* Main.storyboard */ = {
			isa = PBXVariantGroup;
			children = (
				4E2813D31DB1796E0037DE59 /* Base */,
			);
			name = Main.storyboard;
			sourceTree = "<group>";
		};
		4E2813DA1DB1796E0037DE59 /* LaunchScreen.storyboard */ = {
			isa = PBXVariantGroup;
			children = (
				4E2813DB1DB1796E0037DE59 /* Base */,
			);
			name = LaunchScreen.storyboard;
			sourceTree = "<group>";
		};
/* End PBXVariantGroup section */

/* Begin XCBuildConfiguration section */
		4E2813F41DB1796E0037DE59 /* Debug */ = {
			isa = XCBuildConfiguration;
			buildSettings = {
				ALWAYS_SEARCH_USER_PATHS = NO;
				CLANG_ANALYZER_NONNULL = YES;
				CLANG_CXX_LANGUAGE_STANDARD = "gnu++0x";
				CLANG_CXX_LIBRARY = "libc++";
				CLANG_ENABLE_MODULES = YES;
				CLANG_ENABLE_OBJC_ARC = YES;
				CLANG_WARN_BOOL_CONVERSION = YES;
				CLANG_WARN_CONSTANT_CONVERSION = YES;
				CLANG_WARN_DIRECT_OBJC_ISA_USAGE = YES_ERROR;
				CLANG_WARN_DOCUMENTATION_COMMENTS = YES;
				CLANG_WARN_EMPTY_BODY = YES;
				CLANG_WARN_ENUM_CONVERSION = YES;
				CLANG_WARN_INFINITE_RECURSION = YES;
				CLANG_WARN_INT_CONVERSION = YES;
				CLANG_WARN_OBJC_ROOT_CLASS = YES_ERROR;
				CLANG_WARN_SUSPICIOUS_MOVES = YES;
				CLANG_WARN_UNREACHABLE_CODE = YES;
				CLANG_WARN__DUPLICATE_METHOD_MATCH = YES;
				"CODE_SIGN_IDENTITY[sdk=iphoneos*]" = "iPhone Developer";
				COPY_PHASE_STRIP = NO;
				DEBUG_INFORMATION_FORMAT = dwarf;
				ENABLE_STRICT_OBJC_MSGSEND = YES;
				ENABLE_TESTABILITY = YES;
				GCC_C_LANGUAGE_STANDARD = gnu99;
				GCC_DYNAMIC_NO_PIC = NO;
				GCC_NO_COMMON_BLOCKS = YES;
				GCC_OPTIMIZATION_LEVEL = 0;
				GCC_PREPROCESSOR_DEFINITIONS = (
					"DEBUG=1",
					"$(inherited)",
				);
				GCC_WARN_64_TO_32_BIT_CONVERSION = YES;
				GCC_WARN_ABOUT_RETURN_TYPE = YES_ERROR;
				GCC_WARN_UNDECLARED_SELECTOR = YES;
				GCC_WARN_UNINITIALIZED_AUTOS = YES_AGGRESSIVE;
				GCC_WARN_UNUSED_FUNCTION = YES;
				GCC_WARN_UNUSED_VARIABLE = YES;
				IPHONEOS_DEPLOYMENT_TARGET = 10.0;
				MTL_ENABLE_DEBUG_INFO = YES;
				ONLY_ACTIVE_ARCH = YES;
				SDKROOT = iphoneos;
				SWIFT_ACTIVE_COMPILATION_CONDITIONS = DEBUG;
				SWIFT_OPTIMIZATION_LEVEL = "-Onone";
				TARGETED_DEVICE_FAMILY = "1,2";
			};
			name = Debug;
		};
		4E2813F51DB1796E0037DE59 /* Release */ = {
			isa = XCBuildConfiguration;
			buildSettings = {
				ALWAYS_SEARCH_USER_PATHS = NO;
				CLANG_ANALYZER_NONNULL = YES;
				CLANG_CXX_LANGUAGE_STANDARD = "gnu++0x";
				CLANG_CXX_LIBRARY = "libc++";
				CLANG_ENABLE_MODULES = YES;
				CLANG_ENABLE_OBJC_ARC = YES;
				CLANG_WARN_BOOL_CONVERSION = YES;
				CLANG_WARN_CONSTANT_CONVERSION = YES;
				CLANG_WARN_DIRECT_OBJC_ISA_USAGE = YES_ERROR;
				CLANG_WARN_DOCUMENTATION_COMMENTS = YES;
				CLANG_WARN_EMPTY_BODY = YES;
				CLANG_WARN_ENUM_CONVERSION = YES;
				CLANG_WARN_INFINITE_RECURSION = YES;
				CLANG_WARN_INT_CONVERSION = YES;
				CLANG_WARN_OBJC_ROOT_CLASS = YES_ERROR;
				CLANG_WARN_SUSPICIOUS_MOVES = YES;
				CLANG_WARN_UNREACHABLE_CODE = YES;
				CLANG_WARN__DUPLICATE_METHOD_MATCH = YES;
				"CODE_SIGN_IDENTITY[sdk=iphoneos*]" = "iPhone Developer";
				COPY_PHASE_STRIP = NO;
				DEBUG_INFORMATION_FORMAT = "dwarf-with-dsym";
				ENABLE_NS_ASSERTIONS = NO;
				ENABLE_STRICT_OBJC_MSGSEND = YES;
				GCC_C_LANGUAGE_STANDARD = gnu99;
				GCC_NO_COMMON_BLOCKS = YES;
				GCC_WARN_64_TO_32_BIT_CONVERSION = YES;
				GCC_WARN_ABOUT_RETURN_TYPE = YES_ERROR;
				GCC_WARN_UNDECLARED_SELECTOR = YES;
				GCC_WARN_UNINITIALIZED_AUTOS = YES_AGGRESSIVE;
				GCC_WARN_UNUSED_FUNCTION = YES;
				GCC_WARN_UNUSED_VARIABLE = YES;
				IPHONEOS_DEPLOYMENT_TARGET = 10.0;
				MTL_ENABLE_DEBUG_INFO = NO;
				SDKROOT = iphoneos;
				SWIFT_OPTIMIZATION_LEVEL = "-Owholemodule";
				TARGETED_DEVICE_FAMILY = "1,2";
				VALIDATE_PRODUCT = YES;
			};
			name = Release;
		};
		4E2813F71DB1796E0037DE59 /* Debug */ = {
			isa = XCBuildConfiguration;
			buildSettings = {
				ASSETCATALOG_COMPILER_APPICON_NAME = AppIcon;
				INFOPLIST_FILE = W07_Srivalli_Kanchibotla/Info.plist;
				LD_RUNPATH_SEARCH_PATHS = "$(inherited) @executable_path/Frameworks";
				PRODUCT_BUNDLE_IDENTIFIER = "edu.okstate.cs.srivall.W07-Srivalli-Kanchibotla";
				PRODUCT_NAME = "$(TARGET_NAME)";
				SWIFT_VERSION = 3.0;
			};
			name = Debug;
		};
		4E2813F81DB1796E0037DE59 /* Release */ = {
			isa = XCBuildConfiguration;
			buildSettings = {
				ASSETCATALOG_COMPILER_APPICON_NAME = AppIcon;
				INFOPLIST_FILE = W07_Srivalli_Kanchibotla/Info.plist;
				LD_RUNPATH_SEARCH_PATHS = "$(inherited) @executable_path/Frameworks";
				PRODUCT_BUNDLE_IDENTIFIER = "edu.okstate.cs.srivall.W07-Srivalli-Kanchibotla";
				PRODUCT_NAME = "$(TARGET_NAME)";
				SWIFT_VERSION = 3.0;
			};
			name = Release;
		};
		4E2813FA1DB1796E0037DE59 /* Debug */ = {
			isa = XCBuildConfiguration;
			buildSettings = {
				ALWAYS_EMBED_SWIFT_STANDARD_LIBRARIES = YES;
				BUNDLE_LOADER = "$(TEST_HOST)";
				INFOPLIST_FILE = W07_Srivalli_KanchibotlaTests/Info.plist;
				LD_RUNPATH_SEARCH_PATHS = "$(inherited) @executable_path/Frameworks @loader_path/Frameworks";
				PRODUCT_BUNDLE_IDENTIFIER = "edu.okstate.cs.srivall.W07-Srivalli-KanchibotlaTests";
				PRODUCT_NAME = "$(TARGET_NAME)";
				SWIFT_VERSION = 3.0;
				TEST_HOST = "$(BUILT_PRODUCTS_DIR)/W07_Srivalli_Kanchibotla.app/W07_Srivalli_Kanchibotla";
			};
			name = Debug;
		};
		4E2813FB1DB1796E0037DE59 /* Release */ = {
			isa = XCBuildConfiguration;
			buildSettings = {
				ALWAYS_EMBED_SWIFT_STANDARD_LIBRARIES = YES;
				BUNDLE_LOADER = "$(TEST_HOST)";
				INFOPLIST_FILE = W07_Srivalli_KanchibotlaTests/Info.plist;
				LD_RUNPATH_SEARCH_PATHS = "$(inherited) @executable_path/Frameworks @loader_path/Frameworks";
				PRODUCT_BUNDLE_IDENTIFIER = "edu.okstate.cs.srivall.W07-Srivalli-KanchibotlaTests";
				PRODUCT_NAME = "$(TARGET_NAME)";
				SWIFT_VERSION = 3.0;
				TEST_HOST = "$(BUILT_PRODUCTS_DIR)/W07_Srivalli_Kanchibotla.app/W07_Srivalli_Kanchibotla";
			};
			name = Release;
		};
		4E2813FD1DB1796E0037DE59 /* Debug */ = {
			isa = XCBuildConfiguration;
			buildSettings = {
				ALWAYS_EMBED_SWIFT_STANDARD_LIBRARIES = YES;
				INFOPLIST_FILE = W07_Srivalli_KanchibotlaUITests/Info.plist;
				LD_RUNPATH_SEARCH_PATHS = "$(inherited) @executable_path/Frameworks @loader_path/Frameworks";
				PRODUCT_BUNDLE_IDENTIFIER = "edu.okstate.cs.srivall.W07-Srivalli-KanchibotlaUITests";
				PRODUCT_NAME = "$(TARGET_NAME)";
				SWIFT_VERSION = 3.0;
				TEST_TARGET_NAME = W07_Srivalli_Kanchibotla;
			};
			name = Debug;
		};
		4E2813FE1DB1796E0037DE59 /* Release */ = {
			isa = XCBuildConfiguration;
			buildSettings = {
				ALWAYS_EMBED_SWIFT_STANDARD_LIBRARIES = YES;
				INFOPLIST_FILE = W07_Srivalli_KanchibotlaUITests/Info.plist;
				LD_RUNPATH_SEARCH_PATHS = "$(inherited) @executable_path/Frameworks @loader_path/Frameworks";
				PRODUCT_BUNDLE_IDENTIFIER = "edu.okstate.cs.srivall.W07-Srivalli-KanchibotlaUITests";
				PRODUCT_NAME = "$(TARGET_NAME)";
				SWIFT_VERSION = 3.0;
				TEST_TARGET_NAME = W07_Srivalli_Kanchibotla;
			};
			name = Release;
		};
/* End XCBuildConfiguration section */

/* Begin XCConfigurationList section */
		4E2813C61DB1796E0037DE59 /* Build configuration list for PBXProject "W07_Srivalli_Kanchibotla" */ = {
			isa = XCConfigurationList;
			buildConfigurations = (
				4E2813F41DB1796E0037DE59 /* Debug */,
				4E2813F51DB1796E0037DE59 /* Release */,
			);
			defaultConfigurationIsVisible = 0;
			defaultConfigurationName = Release;
		};
		4E2813F61DB1796E0037DE59 /* Build configuration list for PBXNativeTarget "W07_Srivalli_Kanchibotla" */ = {
			isa = XCConfigurationList;
			buildConfigurations = (
				4E2813F71DB1796E0037DE59 /* Debug */,
				4E2813F81DB1796E0037DE59 /* Release */,
			);
			defaultConfigurationIsVisible = 0;
		};
		4E2813F91DB1796E0037DE59 /* Build configuration list for PBXNativeTarget "W07_Srivalli_KanchibotlaTests" */ = {
			isa = XCConfigurationList;
			buildConfigurations = (
				4E2813FA1DB1796E0037DE59 /* Debug */,
				4E2813FB1DB1796E0037DE59 /* Release */,
			);
			defaultConfigurationIsVisible = 0;
		};
		4E2813FC1DB1796E0037DE59 /* Build configuration list for PBXNativeTarget "W07_Srivalli_KanchibotlaUITests" */ = {
			isa = XCConfigurationList;
			buildConfigurations = (
				4E2813FD1DB1796E0037DE59 /* Debug */,
				4E2813FE1DB1796E0037DE59 /* Release */,
			);
			defaultConfigurationIsVisible = 0;
		};
/* End XCConfigurationList section */

/* Begin XCVersionGroup section */
		4E2813D51DB1796E0037DE59 /* W07_Srivalli_Kanchibotla.xcdatamodeld */ = {
			isa = XCVersionGroup;
			children = (
				4E2813D61DB1796E0037DE59 /* W07_Srivalli_Kanchibotla.xcdatamodel */,
			);
			currentVersion = 4E2813D61DB1796E0037DE59 /* W07_Srivalli_Kanchibotla.xcdatamodel */;
			path = W07_Srivalli_Kanchibotla.xcdatamodeld;
			sourceTree = "<group>";
			versionGroupType = wrapper.xcdatamodel;
		};
/* End XCVersionGroup section */
	};
	rootObject = 4E2813C31DB1796E0037DE59 /* Project object */;
}
